// !$*UTF8*$!
{
	archiveVersion = 1;
	classes = {
	};
	objectVersion = 56;
	objects = {

/* Begin PBXBuildFile section */
		6710391A298549E6002170B0 /* AppDelegate.swift in Sources */ = {isa = PBXBuildFile; fileRef = 67103919298549E6002170B0 /* AppDelegate.swift */; };
		6710391C298549E6002170B0 /* SceneDelegate.swift in Sources */ = {isa = PBXBuildFile; fileRef = 6710391B298549E6002170B0 /* SceneDelegate.swift */; };
		67103921298549E6002170B0 /* Main.storyboard in Resources */ = {isa = PBXBuildFile; fileRef = 6710391F298549E6002170B0 /* Main.storyboard */; };
		67103923298549E7002170B0 /* Assets.xcassets in Resources */ = {isa = PBXBuildFile; fileRef = 67103922298549E7002170B0 /* Assets.xcassets */; };
		67103926298549E7002170B0 /* LaunchScreen.storyboard in Resources */ = {isa = PBXBuildFile; fileRef = 67103924298549E7002170B0 /* LaunchScreen.storyboard */; };
		6710393629854B88002170B0 /* MainTabBarVC.swift in Sources */ = {isa = PBXBuildFile; fileRef = 6710393529854B88002170B0 /* MainTabBarVC.swift */; };
		6710393829854D00002170B0 /* FeedVC.swift in Sources */ = {isa = PBXBuildFile; fileRef = 6710393729854D00002170B0 /* FeedVC.swift */; };
		6710393A29854D30002170B0 /* ExploreVC.swift in Sources */ = {isa = PBXBuildFile; fileRef = 6710393929854D30002170B0 /* ExploreVC.swift */; };
		6710393C29854D3F002170B0 /* NotificationsVC.swift in Sources */ = {isa = PBXBuildFile; fileRef = 6710393B29854D3F002170B0 /* NotificationsVC.swift */; };
		6710393E29854D6B002170B0 /* ChatsVC.swift in Sources */ = {isa = PBXBuildFile; fileRef = 6710393D29854D6B002170B0 /* ChatsVC.swift */; };
		6710394029856BB3002170B0 /* Extensions.swift in Sources */ = {isa = PBXBuildFile; fileRef = 6710393F29856BB3002170B0 /* Extensions.swift */; };
		67BEA7042989633D00536E64 /* Constants.swift in Sources */ = {isa = PBXBuildFile; fileRef = 67BEA7032989633D00536E64 /* Constants.swift */; };
		67BEA708298973A400536E64 /* AuthService.swift in Sources */ = {isa = PBXBuildFile; fileRef = 67BEA707298973A400536E64 /* AuthService.swift */; };
		67BEA70A2989780300536E64 /* GoogleService-Info.plist in Resources */ = {isa = PBXBuildFile; fileRef = 67BEA7092989780300536E64 /* GoogleService-Info.plist */; };
		67BEA70C298AA70400536E64 /* UserService.swift in Sources */ = {isa = PBXBuildFile; fileRef = 67BEA70B298AA70400536E64 /* UserService.swift */; };
		67BEA70E298AAD3B00536E64 /* User.swift in Sources */ = {isa = PBXBuildFile; fileRef = 67BEA70D298AAD3B00536E64 /* User.swift */; };
		67EBFF2429868B4A00A935DA /* RegisterVC.swift in Sources */ = {isa = PBXBuildFile; fileRef = 67EBFF2329868B4A00A935DA /* RegisterVC.swift */; };
		67EBFF2629868B5600A935DA /* LoginVC.swift in Sources */ = {isa = PBXBuildFile; fileRef = 67EBFF2529868B5600A935DA /* LoginVC.swift */; };
		67EBFF2829869B6B00A935DA /* Utilities.swift in Sources */ = {isa = PBXBuildFile; fileRef = 67EBFF2729869B6B00A935DA /* Utilities.swift */; };
		B767C61A9093296D070D4300 /* Pods_TwitterMVVM.framework in Frameworks */ = {isa = PBXBuildFile; fileRef = BAC4C6FB383882FF7668B2E5 /* Pods_TwitterMVVM.framework */; };
/* End PBXBuildFile section */

/* Begin PBXFileReference section */
		00A4D281371EF3BD9027DE1F /* Pods-TwitterMVVM.debug.xcconfig */ = {isa = PBXFileReference; includeInIndex = 1; lastKnownFileType = text.xcconfig; name = "Pods-TwitterMVVM.debug.xcconfig"; path = "Target Support Files/Pods-TwitterMVVM/Pods-TwitterMVVM.debug.xcconfig"; sourceTree = "<group>"; };
		67103916298549E6002170B0 /* TwitterMVVM.app */ = {isa = PBXFileReference; explicitFileType = wrapper.application; includeInIndex = 0; path = TwitterMVVM.app; sourceTree = BUILT_PRODUCTS_DIR; };
		67103919298549E6002170B0 /* AppDelegate.swift */ = {isa = PBXFileReference; lastKnownFileType = sourcecode.swift; path = AppDelegate.swift; sourceTree = "<group>"; };
		6710391B298549E6002170B0 /* SceneDelegate.swift */ = {isa = PBXFileReference; lastKnownFileType = sourcecode.swift; path = SceneDelegate.swift; sourceTree = "<group>"; };
		67103920298549E6002170B0 /* Base */ = {isa = PBXFileReference; lastKnownFileType = file.storyboard; name = Base; path = Base.lproj/Main.storyboard; sourceTree = "<group>"; };
		67103922298549E7002170B0 /* Assets.xcassets */ = {isa = PBXFileReference; lastKnownFileType = folder.assetcatalog; path = Assets.xcassets; sourceTree = "<group>"; };
		67103925298549E7002170B0 /* Base */ = {isa = PBXFileReference; lastKnownFileType = file.storyboard; name = Base; path = Base.lproj/LaunchScreen.storyboard; sourceTree = "<group>"; };
		67103927298549E7002170B0 /* Info.plist */ = {isa = PBXFileReference; lastKnownFileType = text.plist.xml; path = Info.plist; sourceTree = "<group>"; };
		6710393529854B88002170B0 /* MainTabBarVC.swift */ = {isa = PBXFileReference; lastKnownFileType = sourcecode.swift; path = MainTabBarVC.swift; sourceTree = "<group>"; };
		6710393729854D00002170B0 /* FeedVC.swift */ = {isa = PBXFileReference; lastKnownFileType = sourcecode.swift; path = FeedVC.swift; sourceTree = "<group>"; };
		6710393929854D30002170B0 /* ExploreVC.swift */ = {isa = PBXFileReference; lastKnownFileType = sourcecode.swift; path = ExploreVC.swift; sourceTree = "<group>"; };
		6710393B29854D3F002170B0 /* NotificationsVC.swift */ = {isa = PBXFileReference; lastKnownFileType = sourcecode.swift; path = NotificationsVC.swift; sourceTree = "<group>"; };
		6710393D29854D6B002170B0 /* ChatsVC.swift */ = {isa = PBXFileReference; lastKnownFileType = sourcecode.swift; path = ChatsVC.swift; sourceTree = "<group>"; };
		6710393F29856BB3002170B0 /* Extensions.swift */ = {isa = PBXFileReference; lastKnownFileType = sourcecode.swift; path = Extensions.swift; sourceTree = "<group>"; };
		67BEA7032989633D00536E64 /* Constants.swift */ = {isa = PBXFileReference; lastKnownFileType = sourcecode.swift; path = Constants.swift; sourceTree = "<group>"; };
		67BEA707298973A400536E64 /* AuthService.swift */ = {isa = PBXFileReference; lastKnownFileType = sourcecode.swift; path = AuthService.swift; sourceTree = "<group>"; };
		67BEA7092989780300536E64 /* GoogleService-Info.plist */ = {isa = PBXFileReference; lastKnownFileType = text.plist; path = "GoogleService-Info.plist"; sourceTree = SOURCE_ROOT; };
		67BEA70B298AA70400536E64 /* UserService.swift */ = {isa = PBXFileReference; lastKnownFileType = sourcecode.swift; path = UserService.swift; sourceTree = "<group>"; };
		67BEA70D298AAD3B00536E64 /* User.swift */ = {isa = PBXFileReference; lastKnownFileType = sourcecode.swift; path = User.swift; sourceTree = "<group>"; };
		67EBFF2329868B4A00A935DA /* RegisterVC.swift */ = {isa = PBXFileReference; lastKnownFileType = sourcecode.swift; path = RegisterVC.swift; sourceTree = "<group>"; };
		67EBFF2529868B5600A935DA /* LoginVC.swift */ = {isa = PBXFileReference; lastKnownFileType = sourcecode.swift; path = LoginVC.swift; sourceTree = "<group>"; };
		67EBFF2729869B6B00A935DA /* Utilities.swift */ = {isa = PBXFileReference; lastKnownFileType = sourcecode.swift; path = Utilities.swift; sourceTree = "<group>"; };
		B121ABC89C4DA9DB5AAD4A1F /* Pods-TwitterMVVM.release.xcconfig */ = {isa = PBXFileReference; includeInIndex = 1; lastKnownFileType = text.xcconfig; name = "Pods-TwitterMVVM.release.xcconfig"; path = "Target Support Files/Pods-TwitterMVVM/Pods-TwitterMVVM.release.xcconfig"; sourceTree = "<group>"; };
		BAC4C6FB383882FF7668B2E5 /* Pods_TwitterMVVM.framework */ = {isa = PBXFileReference; explicitFileType = wrapper.framework; includeInIndex = 0; path = Pods_TwitterMVVM.framework; sourceTree = BUILT_PRODUCTS_DIR; };
/* End PBXFileReference section */

/* Begin PBXFrameworksBuildPhase section */
		67103913298549E6002170B0 /* Frameworks */ = {
			isa = PBXFrameworksBuildPhase;
			buildActionMask = 2147483647;
			files = (
				B767C61A9093296D070D4300 /* Pods_TwitterMVVM.framework in Frameworks */,
			);
			runOnlyForDeploymentPostprocessing = 0;
		};
/* End PBXFrameworksBuildPhase section */

/* Begin PBXGroup section */
		6710390D298549E6002170B0 = {
			isa = PBXGroup;
			children = (
				67103918298549E6002170B0 /* TwitterMVVM */,
				67103917298549E6002170B0 /* Products */,
				8EAAEA26378B3FE0612031F3 /* Pods */,
				B0C147EB1AC6823684506463 /* Frameworks */,
			);
			sourceTree = "<group>";
		};
		67103917298549E6002170B0 /* Products */ = {
			isa = PBXGroup;
			children = (
				67103916298549E6002170B0 /* TwitterMVVM.app */,
			);
			name = Products;
			sourceTree = "<group>";
		};
		67103918298549E6002170B0 /* TwitterMVVM */ = {
			isa = PBXGroup;
			children = (
				6710392D29854A37002170B0 /* Model */,
				6710393329854A72002170B0 /* View */,
				6710393229854A70002170B0 /* ViewModel */,
				6710393129854A6F002170B0 /* Controllers */,
				6710393429854A95002170B0 /* Utility */,
				6710392E29854A61002170B0 /* API */,
				67103919298549E6002170B0 /* AppDelegate.swift */,
				6710391B298549E6002170B0 /* SceneDelegate.swift */,
				6710391F298549E6002170B0 /* Main.storyboard */,
				67103922298549E7002170B0 /* Assets.xcassets */,
				67103924298549E7002170B0 /* LaunchScreen.storyboard */,
				67BEA7092989780300536E64 /* GoogleService-Info.plist */,
				67103927298549E7002170B0 /* Info.plist */,
			);
			path = TwitterMVVM;
			sourceTree = "<group>";
		};
		6710392D29854A37002170B0 /* Model */ = {
			isa = PBXGroup;
			children = (
				67BEA70D298AAD3B00536E64 /* User.swift */,
			);
			path = Model;
			sourceTree = "<group>";
		};
		6710392E29854A61002170B0 /* API */ = {
			isa = PBXGroup;
			children = (
				67BEA707298973A400536E64 /* AuthService.swift */,
				67BEA70B298AA70400536E64 /* UserService.swift */,
			);
			path = API;
			sourceTree = "<group>";
		};
		6710393129854A6F002170B0 /* Controllers */ = {
			isa = PBXGroup;
			children = (
				67EBFF2229868B1300A935DA /* Authentication */,
				6710393529854B88002170B0 /* MainTabBarVC.swift */,
				6710393729854D00002170B0 /* FeedVC.swift */,
				6710393929854D30002170B0 /* ExploreVC.swift */,
				6710393B29854D3F002170B0 /* NotificationsVC.swift */,
				6710393D29854D6B002170B0 /* ChatsVC.swift */,
			);
			path = Controllers;
			sourceTree = "<group>";
		};
		6710393229854A70002170B0 /* ViewModel */ = {
			isa = PBXGroup;
			children = (
			);
			path = ViewModel;
			sourceTree = "<group>";
		};
		6710393329854A72002170B0 /* View */ = {
			isa = PBXGroup;
			children = (
			);
			path = View;
			sourceTree = "<group>";
		};
		6710393429854A95002170B0 /* Utility */ = {
			isa = PBXGroup;
			children = (
				6710393F29856BB3002170B0 /* Extensions.swift */,
				67EBFF2729869B6B00A935DA /* Utilities.swift */,
				67BEA7032989633D00536E64 /* Constants.swift */,
			);
			path = Utility;
			sourceTree = "<group>";
		};
		67EBFF2229868B1300A935DA /* Authentication */ = {
			isa = PBXGroup;
			children = (
				67EBFF2329868B4A00A935DA /* RegisterVC.swift */,
				67EBFF2529868B5600A935DA /* LoginVC.swift */,
			);
			path = Authentication;
			sourceTree = "<group>";
		};
		8EAAEA26378B3FE0612031F3 /* Pods */ = {
			isa = PBXGroup;
			children = (
				00A4D281371EF3BD9027DE1F /* Pods-TwitterMVVM.debug.xcconfig */,
				B121ABC89C4DA9DB5AAD4A1F /* Pods-TwitterMVVM.release.xcconfig */,
			);
			path = Pods;
			sourceTree = "<group>";
		};
		B0C147EB1AC6823684506463 /* Frameworks */ = {
			isa = PBXGroup;
			children = (
				BAC4C6FB383882FF7668B2E5 /* Pods_TwitterMVVM.framework */,
			);
			name = Frameworks;
			sourceTree = "<group>";
		};
/* End PBXGroup section */

/* Begin PBXNativeTarget section */
		67103915298549E6002170B0 /* TwitterMVVM */ = {
			isa = PBXNativeTarget;
			buildConfigurationList = 6710392A298549E7002170B0 /* Build configuration list for PBXNativeTarget "TwitterMVVM" */;
			buildPhases = (
				EB78B115E0006879A38EE6DA /* [CP] Check Pods Manifest.lock */,
				67103912298549E6002170B0 /* Sources */,
				67103913298549E6002170B0 /* Frameworks */,
				67103914298549E6002170B0 /* Resources */,
				AF071C7D170857161E2165D8 /* [CP] Embed Pods Frameworks */,
			);
			buildRules = (
			);
			dependencies = (
			);
			name = TwitterMVVM;
			productName = TwitterMVVM;
			productReference = 67103916298549E6002170B0 /* TwitterMVVM.app */;
			productType = "com.apple.product-type.application";
		};
/* End PBXNativeTarget section */

/* Begin PBXProject section */
		6710390E298549E6002170B0 /* Project object */ = {
			isa = PBXProject;
			attributes = {
				BuildIndependentTargetsInParallel = 1;
				LastSwiftUpdateCheck = 1420;
				LastUpgradeCheck = 1420;
				TargetAttributes = {
					67103915298549E6002170B0 = {
						CreatedOnToolsVersion = 14.2;
					};
				};
			};
			buildConfigurationList = 67103911298549E6002170B0 /* Build configuration list for PBXProject "TwitterMVVM" */;
			compatibilityVersion = "Xcode 14.0";
			developmentRegion = en;
			hasScannedForEncodings = 0;
			knownRegions = (
				en,
				Base,
			);
			mainGroup = 6710390D298549E6002170B0;
			productRefGroup = 67103917298549E6002170B0 /* Products */;
			projectDirPath = "";
			projectRoot = "";
			targets = (
				67103915298549E6002170B0 /* TwitterMVVM */,
			);
		};
/* End PBXProject section */

/* Begin PBXResourcesBuildPhase section */
		67103914298549E6002170B0 /* Resources */ = {
			isa = PBXResourcesBuildPhase;
			buildActionMask = 2147483647;
			files = (
				67103926298549E7002170B0 /* LaunchScreen.storyboard in Resources */,
				67BEA70A2989780300536E64 /* GoogleService-Info.plist in Resources */,
				67103923298549E7002170B0 /* Assets.xcassets in Resources */,
				67103921298549E6002170B0 /* Main.storyboard in Resources */,
			);
			runOnlyForDeploymentPostprocessing = 0;
		};
/* End PBXResourcesBuildPhase section */

/* Begin PBXShellScriptBuildPhase section */
		AF071C7D170857161E2165D8 /* [CP] Embed Pods Frameworks */ = {
			isa = PBXShellScriptBuildPhase;
			buildActionMask = 2147483647;
			files = (
			);
			inputFileListPaths = (
				"${PODS_ROOT}/Target Support Files/Pods-TwitterMVVM/Pods-TwitterMVVM-frameworks-${CONFIGURATION}-input-files.xcfilelist",
			);
			name = "[CP] Embed Pods Frameworks";
			outputFileListPaths = (
				"${PODS_ROOT}/Target Support Files/Pods-TwitterMVVM/Pods-TwitterMVVM-frameworks-${CONFIGURATION}-output-files.xcfilelist",
			);
			runOnlyForDeploymentPostprocessing = 0;
			shellPath = /bin/sh;
			shellScript = "\"${PODS_ROOT}/Target Support Files/Pods-TwitterMVVM/Pods-TwitterMVVM-frameworks.sh\"\n";
			showEnvVarsInLog = 0;
		};
		EB78B115E0006879A38EE6DA /* [CP] Check Pods Manifest.lock */ = {
			isa = PBXShellScriptBuildPhase;
			alwaysOutOfDate = 1;
			buildActionMask = 2147483647;
			files = (
			);
			inputFileListPaths = (
			);
			inputPaths = (
				"${PODS_PODFILE_DIR_PATH}/Podfile.lock",
				"${PODS_ROOT}/Manifest.lock",
			);
			name = "[CP] Check Pods Manifest.lock";
			outputFileListPaths = (
			);
			outputPaths = (
				"$(DERIVED_FILE_DIR)/Pods-TwitterMVVM-checkManifestLockResult.txt",
			);
			runOnlyForDeploymentPostprocessing = 0;
			shellPath = /bin/sh;
			shellScript = "diff \"${PODS_PODFILE_DIR_PATH}/Podfile.lock\" \"${PODS_ROOT}/Manifest.lock\" > /dev/null\nif [ $? != 0 ] ; then\n    # print error to STDERR\n    echo \"error: The sandbox is not in sync with the Podfile.lock. Run 'pod install' or update your CocoaPods installation.\" >&2\n    exit 1\nfi\n# This output is used by Xcode 'outputs' to avoid re-running this script phase.\necho \"SUCCESS\" > \"${SCRIPT_OUTPUT_FILE_0}\"\n";
			showEnvVarsInLog = 0;
		};
/* End PBXShellScriptBuildPhase section */

/* Begin PBXSourcesBuildPhase section */
		67103912298549E6002170B0 /* Sources */ = {
			isa = PBXSourcesBuildPhase;
			buildActionMask = 2147483647;
			files = (
				67BEA70C298AA70400536E64 /* UserService.swift in Sources */,
				6710393829854D00002170B0 /* FeedVC.swift in Sources */,
				6710393C29854D3F002170B0 /* NotificationsVC.swift in Sources */,
				67EBFF2829869B6B00A935DA /* Utilities.swift in Sources */,
				6710391A298549E6002170B0 /* AppDelegate.swift in Sources */,
				6710394029856BB3002170B0 /* Extensions.swift in Sources */,
				67EBFF2629868B5600A935DA /* LoginVC.swift in Sources */,
				67BEA708298973A400536E64 /* AuthService.swift in Sources */,
				67BEA70E298AAD3B00536E64 /* User.swift in Sources */,
				6710393A29854D30002170B0 /* ExploreVC.swift in Sources */,
				6710393E29854D6B002170B0 /* ChatsVC.swift in Sources */,
				67EBFF2429868B4A00A935DA /* RegisterVC.swift in Sources */,
				6710393629854B88002170B0 /* MainTabBarVC.swift in Sources */,
				6710391C298549E6002170B0 /* SceneDelegate.swift in Sources */,
				67BEA7042989633D00536E64 /* Constants.swift in Sources */,
			);
			runOnlyForDeploymentPostprocessing = 0;
		};
/* End PBXSourcesBuildPhase section */

/* Begin PBXVariantGroup section */
		6710391F298549E6002170B0 /* Main.storyboard */ = {
			isa = PBXVariantGroup;
			children = (
				67103920298549E6002170B0 /* Base */,
			);
			name = Main.storyboard;
			sourceTree = "<group>";
		};
		67103924298549E7002170B0 /* LaunchScreen.storyboard */ = {
			isa = PBXVariantGroup;
			children = (
				67103925298549E7002170B0 /* Base */,
			);
			name = LaunchScreen.storyboard;
			sourceTree = "<group>";
		};
/* End PBXVariantGroup section */

/* Begin XCBuildConfiguration section */
		67103928298549E7002170B0 /* Debug */ = {
			isa = XCBuildConfiguration;
			buildSettings = {
				ALWAYS_SEARCH_USER_PATHS = NO;
				CLANG_ANALYZER_NONNULL = YES;
				CLANG_ANALYZER_NUMBER_OBJECT_CONVERSION = YES_AGGRESSIVE;
				CLANG_CXX_LANGUAGE_STANDARD = "gnu++20";
				CLANG_ENABLE_MODULES = YES;
				CLANG_ENABLE_OBJC_ARC = YES;
				CLANG_ENABLE_OBJC_WEAK = YES;
				CLANG_WARN_BLOCK_CAPTURE_AUTORELEASING = YES;
				CLANG_WARN_BOOL_CONVERSION = YES;
				CLANG_WARN_COMMA = YES;
				CLANG_WARN_CONSTANT_CONVERSION = YES;
				CLANG_WARN_DEPRECATED_OBJC_IMPLEMENTATIONS = YES;
				CLANG_WARN_DIRECT_OBJC_ISA_USAGE = YES_ERROR;
				CLANG_WARN_DOCUMENTATION_COMMENTS = YES;
				CLANG_WARN_EMPTY_BODY = YES;
				CLANG_WARN_ENUM_CONVERSION = YES;
				CLANG_WARN_INFINITE_RECURSION = YES;
				CLANG_WARN_INT_CONVERSION = YES;
				CLANG_WARN_NON_LITERAL_NULL_CONVERSION = YES;
				CLANG_WARN_OBJC_IMPLICIT_RETAIN_SELF = YES;
				CLANG_WARN_OBJC_LITERAL_CONVERSION = YES;
				CLANG_WARN_OBJC_ROOT_CLASS = YES_ERROR;
				CLANG_WARN_QUOTED_INCLUDE_IN_FRAMEWORK_HEADER = YES;
				CLANG_WARN_RANGE_LOOP_ANALYSIS = YES;
				CLANG_WARN_STRICT_PROTOTYPES = YES;
				CLANG_WARN_SUSPICIOUS_MOVE = YES;
				CLANG_WARN_UNGUARDED_AVAILABILITY = YES_AGGRESSIVE;
				CLANG_WARN_UNREACHABLE_CODE = YES;
				CLANG_WARN__DUPLICATE_METHOD_MATCH = YES;
				COPY_PHASE_STRIP = NO;
				DEBUG_INFORMATION_FORMAT = dwarf;
				ENABLE_STRICT_OBJC_MSGSEND = YES;
				ENABLE_TESTABILITY = YES;
				GCC_C_LANGUAGE_STANDARD = gnu11;
				GCC_DYNAMIC_NO_PIC = NO;
				GCC_NO_COMMON_BLOCKS = YES;
				GCC_OPTIMIZATION_LEVEL = 0;
				GCC_PREPROCESSOR_DEFINITIONS = (
					"DEBUG=1",
					"$(inherited)",
				);
				GCC_WARN_64_TO_32_BIT_CONVERSION = YES;
				GCC_WARN_ABOUT_RETURN_TYPE = YES_ERROR;
				GCC_WARN_UNDECLARED_SELECTOR = YES;
				GCC_WARN_UNINITIALIZED_AUTOS = YES_AGGRESSIVE;
				GCC_WARN_UNUSED_FUNCTION = YES;
				GCC_WARN_UNUSED_VARIABLE = YES;
				IPHONEOS_DEPLOYMENT_TARGET = 16.2;
				MTL_ENABLE_DEBUG_INFO = INCLUDE_SOURCE;
				MTL_FAST_MATH = YES;
				ONLY_ACTIVE_ARCH = YES;
				SDKROOT = iphoneos;
				SWIFT_ACTIVE_COMPILATION_CONDITIONS = DEBUG;
				SWIFT_OPTIMIZATION_LEVEL = "-Onone";
			};
			name = Debug;
		};
		67103929298549E7002170B0 /* Release */ = {
			isa = XCBuildConfiguration;
			buildSettings = {
				ALWAYS_SEARCH_USER_PATHS = NO;
				CLANG_ANALYZER_NONNULL = YES;
				CLANG_ANALYZER_NUMBER_OBJECT_CONVERSION = YES_AGGRESSIVE;
				CLANG_CXX_LANGUAGE_STANDARD = "gnu++20";
				CLANG_ENABLE_MODULES = YES;
				CLANG_ENABLE_OBJC_ARC = YES;
				CLANG_ENABLE_OBJC_WEAK = YES;
				CLANG_WARN_BLOCK_CAPTURE_AUTORELEASING = YES;
				CLANG_WARN_BOOL_CONVERSION = YES;
				CLANG_WARN_COMMA = YES;
				CLANG_WARN_CONSTANT_CONVERSION = YES;
				CLANG_WARN_DEPRECATED_OBJC_IMPLEMENTATIONS = YES;
				CLANG_WARN_DIRECT_OBJC_ISA_USAGE = YES_ERROR;
				CLANG_WARN_DOCUMENTATION_COMMENTS = YES;
				CLANG_WARN_EMPTY_BODY = YES;
				CLANG_WARN_ENUM_CONVERSION = YES;
				CLANG_WARN_INFINITE_RECURSION = YES;
				CLANG_WARN_INT_CONVERSION = YES;
				CLANG_WARN_NON_LITERAL_NULL_CONVERSION = YES;
				CLANG_WARN_OBJC_IMPLICIT_RETAIN_SELF = YES;
				CLANG_WARN_OBJC_LITERAL_CONVERSION = YES;
				CLANG_WARN_OBJC_ROOT_CLASS = YES_ERROR;
				CLANG_WARN_QUOTED_INCLUDE_IN_FRAMEWORK_HEADER = YES;
				CLANG_WARN_RANGE_LOOP_ANALYSIS = YES;
				CLANG_WARN_STRICT_PROTOTYPES = YES;
				CLANG_WARN_SUSPICIOUS_MOVE = YES;
				CLANG_WARN_UNGUARDED_AVAILABILITY = YES_AGGRESSIVE;
				CLANG_WARN_UNREACHABLE_CODE = YES;
				CLANG_WARN__DUPLICATE_METHOD_MATCH = YES;
				COPY_PHASE_STRIP = NO;
				DEBUG_INFORMATION_FORMAT = "dwarf-with-dsym";
				ENABLE_NS_ASSERTIONS = NO;
				ENABLE_STRICT_OBJC_MSGSEND = YES;
				GCC_C_LANGUAGE_STANDARD = gnu11;
				GCC_NO_COMMON_BLOCKS = YES;
				GCC_WARN_64_TO_32_BIT_CONVERSION = YES;
				GCC_WARN_ABOUT_RETURN_TYPE = YES_ERROR;
				GCC_WARN_UNDECLARED_SELECTOR = YES;
				GCC_WARN_UNINITIALIZED_AUTOS = YES_AGGRESSIVE;
				GCC_WARN_UNUSED_FUNCTION = YES;
				GCC_WARN_UNUSED_VARIABLE = YES;
				IPHONEOS_DEPLOYMENT_TARGET = 16.2;
				MTL_ENABLE_DEBUG_INFO = NO;
				MTL_FAST_MATH = YES;
				SDKROOT = iphoneos;
				SWIFT_COMPILATION_MODE = wholemodule;
				SWIFT_OPTIMIZATION_LEVEL = "-O";
				VALIDATE_PRODUCT = YES;
			};
			name = Release;
		};
		6710392B298549E7002170B0 /* Debug */ = {
			isa = XCBuildConfiguration;
			baseConfigurationReference = 00A4D281371EF3BD9027DE1F /* Pods-TwitterMVVM.debug.xcconfig */;
			buildSettings = {
				ASSETCATALOG_COMPILER_APPICON_NAME = AppIcon;
				ASSETCATALOG_COMPILER_GLOBAL_ACCENT_COLOR_NAME = AccentColor;
				CODE_SIGN_STYLE = Automatic;
				CURRENT_PROJECT_VERSION = 1;
				DEVELOPMENT_TEAM = KC5533U8L3;
				GENERATE_INFOPLIST_FILE = YES;
				INFOPLIST_FILE = TwitterMVVM/Info.plist;
				INFOPLIST_KEY_UIApplicationSupportsIndirectInputEvents = YES;
				INFOPLIST_KEY_UILaunchStoryboardName = LaunchScreen;
				INFOPLIST_KEY_UIMainStoryboardFile = Main;
				INFOPLIST_KEY_UISupportedInterfaceOrientations_iPad = "UIInterfaceOrientationPortrait UIInterfaceOrientationPortraitUpsideDown UIInterfaceOrientationLandscapeLeft UIInterfaceOrientationLandscapeRight";
				INFOPLIST_KEY_UISupportedInterfaceOrientations_iPhone = "UIInterfaceOrientationPortrait UIInterfaceOrientationLandscapeLeft UIInterfaceOrientationLandscapeRight";
				IPHONEOS_DEPLOYMENT_TARGET = 16.2;
				LD_RUNPATH_SEARCH_PATHS = (
					"$(inherited)",
					"@executable_path/Frameworks",
				);
				MARKETING_VERSION = 1.0;
				PRODUCT_BUNDLE_IDENTIFIER = nosadvova.TwitterMVVM;
				PRODUCT_NAME = "$(TARGET_NAME)";
				SWIFT_EMIT_LOC_STRINGS = YES;
				SWIFT_VERSION = 5.0;
				TARGETED_DEVICE_FAMILY = "1,2";
			};
			name = Debug;
		};
		6710392C298549E7002170B0 /* Release */ = {
			isa = XCBuildConfiguration;
			baseConfigurationReference = B121ABC89C4DA9DB5AAD4A1F /* Pods-TwitterMVVM.release.xcconfig */;
			buildSettings = {
				ASSETCATALOG_COMPILER_APPICON_NAME = AppIcon;
				ASSETCATALOG_COMPILER_GLOBAL_ACCENT_COLOR_NAME = AccentColor;
				CODE_SIGN_STYLE = Automatic;
				CURRENT_PROJECT_VERSION = 1;
				DEVELOPMENT_TEAM = KC5533U8L3;
				GENERATE_INFOPLIST_FILE = YES;
				INFOPLIST_FILE = TwitterMVVM/Info.plist;
				INFOPLIST_KEY_UIApplicationSupportsIndirectInputEvents = YES;
				INFOPLIST_KEY_UILaunchStoryboardName = LaunchScreen;
				INFOPLIST_KEY_UIMainStoryboardFile = Main;
				INFOPLIST_KEY_UISupportedInterfaceOrientations_iPad = "UIInterfaceOrientationPortrait UIInterfaceOrientationPortraitUpsideDown UIInterfaceOrientationLandscapeLeft UIInterfaceOrientationLandscapeRight";
				INFOPLIST_KEY_UISupportedInterfaceOrientations_iPhone = "UIInterfaceOrientationPortrait UIInterfaceOrientationLandscapeLeft UIInterfaceOrientationLandscapeRight";
				IPHONEOS_DEPLOYMENT_TARGET = 16.2;
				LD_RUNPATH_SEARCH_PATHS = (
					"$(inherited)",
					"@executable_path/Frameworks",
				);
				MARKETING_VERSION = 1.0;
				PRODUCT_BUNDLE_IDENTIFIER = nosadvova.TwitterMVVM;
				PRODUCT_NAME = "$(TARGET_NAME)";
				SWIFT_EMIT_LOC_STRINGS = YES;
				SWIFT_VERSION = 5.0;
				TARGETED_DEVICE_FAMILY = "1,2";
			};
			name = Release;
		};
/* End XCBuildConfiguration section */

/* Begin XCConfigurationList section */
		67103911298549E6002170B0 /* Build configuration list for PBXProject "TwitterMVVM" */ = {
			isa = XCConfigurationList;
			buildConfigurations = (
				67103928298549E7002170B0 /* Debug */,
				67103929298549E7002170B0 /* Release */,
			);
			defaultConfigurationIsVisible = 0;
			defaultConfigurationName = Release;
		};
		6710392A298549E7002170B0 /* Build configuration list for PBXNativeTarget "TwitterMVVM" */ = {
			isa = XCConfigurationList;
			buildConfigurations = (
				6710392B298549E7002170B0 /* Debug */,
				6710392C298549E7002170B0 /* Release */,
			);
			defaultConfigurationIsVisible = 0;
			defaultConfigurationName = Release;
		};
/* End XCConfigurationList section */
	};
	rootObject = 6710390E298549E6002170B0 /* Project object */;
}
